
Microsoft Visual Studio Solution File, Format Version 12.00
# Visual Studio Version 17
VisualStudioVersion = 17.5.33627.172
MinimumVisualStudioVersion = 10.0.40219.1
Project("{FAE04EC0-301F-11D3-BF4B-00C04F79EFBC}") = "Library2.0", "Library2.0\Library2.0.csproj", "{B65BFF06-91EB-4801-A36E-9EAE3B218B82}"
EndProject
Project("{FAE04EC0-301F-11D3-BF4B-00C04F79EFBC}") = "libSerializator", "libSerializator\libSerializator.csproj", "{CCDCEF44-B487-4670-8064-0CD6DC91DAEB}"
EndProject
Project("{FAE04EC0-301F-11D3-BF4B-00C04F79EFBC}") = "WpfCustomControlLibrary", "WpfCustomControlLibrary\WpfCustomControlLibrary.csproj", "{1FCB9B98-0A92-4F2C-8E0E-1F8DC8901BC5}"
EndProject
Global
	GlobalSection(SolutionConfigurationPlatforms) = preSolution
		Debug|Any CPU = Debug|Any CPU
		Release|Any CPU = Release|Any CPU
	EndGlobalSection
	GlobalSection(ProjectConfigurationPlatforms) = postSolution
		{B65BFF06-91EB-4801-A36E-9EAE3B218B82}.Debug|Any CPU.ActiveCfg = Debug|Any CPU
		{B65BFF06-91EB-4801-A36E-9EAE3B218B82}.Debug|Any CPU.Build.0 = Debug|Any CPU
		{B65BFF06-91EB-4801-A36E-9EAE3B218B82}.Release|Any CPU.ActiveCfg = Release|Any CPU
		{B65BFF06-91EB-4801-A36E-9EAE3B218B82}.Release|Any CPU.Build.0 = Release|Any CPU
		{CCDCEF44-B487-4670-8064-0CD6DC91DAEB}.Debug|Any CPU.ActiveCfg = Debug|Any CPU
		{CCDCEF44-B487-4670-8064-0CD6DC91DAEB}.Debug|Any CPU.Build.0 = Debug|Any CPU
		{CCDCEF44-B487-4670-8064-0CD6DC91DAEB}.Release|Any CPU.ActiveCfg = Release|Any CPU
		{CCDCEF44-B487-4670-8064-0CD6DC91DAEB}.Release|Any CPU.Build.0 = Release|Any CPU
		{1FCB9B98-0A92-4F2C-8E0E-1F8DC8901BC5}.Debug|Any CPU.ActiveCfg = Debug|Any CPU
		{1FCB9B98-0A92-4F2C-8E0E-1F8DC8901BC5}.Debug|Any CPU.Build.0 = Debug|Any CPU
		{1FCB9B98-0A92-4F2C-8E0E-1F8DC8901BC5}.Release|Any CPU.ActiveCfg = Release|Any CPU
		{1FCB9B98-0A92-4F2C-8E0E-1F8DC8901BC5}.Release|Any CPU.Build.0 = Release|Any CPU
	EndGlobalSection
	GlobalSection(SolutionProperties) = preSolution
		HideSolutionNode = FALSE
	EndGlobalSection
	GlobalSection(ExtensibilityGlobals) = postSolution
		SolutionGuid = {3A77250E-6C50-44EF-8656-6C607D67327C}
	EndGlobalSection
EndGlobal
